// !$*UTF8*$!
{
	archiveVersion = 1;
	classes = {
	};
	objectVersion = 50;
	objects = {

/* Begin PBXBuildFile section */
		9A58A9F521FE38890034CDF5 /* AllCountriesInteractor.swift in Sources */ = {isa = PBXBuildFile; fileRef = 9A58A9F421FE38890034CDF5 /* AllCountriesInteractor.swift */; };
		9A58A9F621FE38A50034CDF5 /* CountriesProvider.swift in Sources */ = {isa = PBXBuildFile; fileRef = 9A58A9F021FE38610034CDF5 /* CountriesProvider.swift */; };
		9A58A9F721FE38CD0034CDF5 /* AllCountriesUseCase.swift in Sources */ = {isa = PBXBuildFile; fileRef = 9A58A9EE21FE38610034CDF5 /* AllCountriesUseCase.swift */; };
		9A60761B21FE2CE70067C768 /* DomainLayer.framework in Frameworks */ = {isa = PBXBuildFile; fileRef = 9A60761121FE2CE70067C768 /* DomainLayer.framework */; };
		9A60762021FE2CE70067C768 /* DomainLayerTests.swift in Sources */ = {isa = PBXBuildFile; fileRef = 9A60761F21FE2CE70067C768 /* DomainLayerTests.swift */; };
		9A60766421FE2F760067C768 /* Response.swift in Sources */ = {isa = PBXBuildFile; fileRef = 9A60766321FE2F760067C768 /* Response.swift */; };
		9A60766E21FE34D90067C768 /* Country.swift in Sources */ = {isa = PBXBuildFile; fileRef = 9A60766D21FE34D90067C768 /* Country.swift */; };
/* End PBXBuildFile section */

/* Begin PBXContainerItemProxy section */
		9A60761C21FE2CE70067C768 /* PBXContainerItemProxy */ = {
			isa = PBXContainerItemProxy;
			containerPortal = 9A60760821FE2CE70067C768 /* Project object */;
			proxyType = 1;
			remoteGlobalIDString = 9A60761021FE2CE70067C768;
			remoteInfo = DomainLayer;
		};
/* End PBXContainerItemProxy section */

/* Begin PBXFileReference section */
		9A58A9EE21FE38610034CDF5 /* AllCountriesUseCase.swift */ = {isa = PBXFileReference; fileEncoding = 4; lastKnownFileType = sourcecode.swift; path = AllCountriesUseCase.swift; sourceTree = "<group>"; };
		9A58A9F021FE38610034CDF5 /* CountriesProvider.swift */ = {isa = PBXFileReference; fileEncoding = 4; lastKnownFileType = sourcecode.swift; path = CountriesProvider.swift; sourceTree = "<group>"; };
		9A58A9F421FE38890034CDF5 /* AllCountriesInteractor.swift */ = {isa = PBXFileReference; lastKnownFileType = sourcecode.swift; path = AllCountriesInteractor.swift; sourceTree = "<group>"; };
		9A60761121FE2CE70067C768 /* DomainLayer.framework */ = {isa = PBXFileReference; explicitFileType = wrapper.framework; includeInIndex = 0; path = DomainLayer.framework; sourceTree = BUILT_PRODUCTS_DIR; };
		9A60761521FE2CE70067C768 /* Info.plist */ = {isa = PBXFileReference; lastKnownFileType = text.plist.xml; path = Info.plist; sourceTree = "<group>"; };
		9A60761A21FE2CE70067C768 /* DomainLayerTests.xctest */ = {isa = PBXFileReference; explicitFileType = wrapper.cfbundle; includeInIndex = 0; path = DomainLayerTests.xctest; sourceTree = BUILT_PRODUCTS_DIR; };
		9A60761F21FE2CE70067C768 /* DomainLayerTests.swift */ = {isa = PBXFileReference; lastKnownFileType = sourcecode.swift; path = DomainLayerTests.swift; sourceTree = "<group>"; };
		9A60762121FE2CE70067C768 /* Info.plist */ = {isa = PBXFileReference; lastKnownFileType = text.plist.xml; path = Info.plist; sourceTree = "<group>"; };
		9A60766321FE2F760067C768 /* Response.swift */ = {isa = PBXFileReference; lastKnownFileType = sourcecode.swift; path = Response.swift; sourceTree = "<group>"; };
		9A60766B21FE34B20067C768 /* AllCountriesUseCase.swift */ = {isa = PBXFileReference; lastKnownFileType = sourcecode.swift; path = AllCountriesUseCase.swift; sourceTree = "<group>"; };
		9A60766D21FE34D90067C768 /* Country.swift */ = {isa = PBXFileReference; lastKnownFileType = sourcecode.swift; path = Country.swift; sourceTree = "<group>"; };
		9A60766F21FE36F90067C768 /* AllCountriesProvider.swift */ = {isa = PBXFileReference; lastKnownFileType = sourcecode.swift; path = AllCountriesProvider.swift; sourceTree = "<group>"; };
/* End PBXFileReference section */

/* Begin PBXFrameworksBuildPhase section */
		9A60760E21FE2CE70067C768 /* Frameworks */ = {
			isa = PBXFrameworksBuildPhase;
			buildActionMask = 2147483647;
			files = (
			);
			runOnlyForDeploymentPostprocessing = 0;
		};
		9A60761721FE2CE70067C768 /* Frameworks */ = {
			isa = PBXFrameworksBuildPhase;
			buildActionMask = 2147483647;
			files = (
				9A60761B21FE2CE70067C768 /* DomainLayer.framework in Frameworks */,
			);
			runOnlyForDeploymentPostprocessing = 0;
		};
/* End PBXFrameworksBuildPhase section */

/* Begin PBXGroup section */
		9A58A9EA21FE381B0034CDF5 /* Recovered References */ = {
			isa = PBXGroup;
			children = (
				9A60766B21FE34B20067C768 /* AllCountriesUseCase.swift */,
				9A60766F21FE36F90067C768 /* AllCountriesProvider.swift */,
			);
			name = "Recovered References";
			sourceTree = "<group>";
		};
		9A58A9ED21FE38610034CDF5 /* Use cases */ = {
			isa = PBXGroup;
			children = (
				9A58A9EE21FE38610034CDF5 /* AllCountriesUseCase.swift */,
			);
			path = "Use cases";
			sourceTree = "<group>";
		};
		9A58A9EF21FE38610034CDF5 /* Providers */ = {
			isa = PBXGroup;
			children = (
				9A58A9F021FE38610034CDF5 /* CountriesProvider.swift */,
			);
			path = Providers;
			sourceTree = "<group>";
		};
		9A58A9F321FE386E0034CDF5 /* Interactors */ = {
			isa = PBXGroup;
			children = (
				9A58A9F421FE38890034CDF5 /* AllCountriesInteractor.swift */,
			);
			path = Interactors;
			sourceTree = "<group>";
		};
		9A60760721FE2CE70067C768 = {
			isa = PBXGroup;
			children = (
				9A60761321FE2CE70067C768 /* DomainLayer */,
				9A60761E21FE2CE70067C768 /* DomainLayerTests */,
				9A60761221FE2CE70067C768 /* Products */,
				9A58A9EA21FE381B0034CDF5 /* Recovered References */,
			);
			sourceTree = "<group>";
		};
		9A60761221FE2CE70067C768 /* Products */ = {
			isa = PBXGroup;
			children = (
				9A60761121FE2CE70067C768 /* DomainLayer.framework */,
				9A60761A21FE2CE70067C768 /* DomainLayerTests.xctest */,
			);
			name = Products;
			sourceTree = "<group>";
		};
		9A60761321FE2CE70067C768 /* DomainLayer */ = {
			isa = PBXGroup;
			children = (
				9A58A9EF21FE38610034CDF5 /* Providers */,
				9A58A9F321FE386E0034CDF5 /* Interactors */,
				9A58A9ED21FE38610034CDF5 /* Use cases */,
				9A60766221FE2F690067C768 /* Entities */,
				9A60761521FE2CE70067C768 /* Info.plist */,
			);
			path = DomainLayer;
			sourceTree = "<group>";
		};
		9A60761E21FE2CE70067C768 /* DomainLayerTests */ = {
			isa = PBXGroup;
			children = (
				9A60761F21FE2CE70067C768 /* DomainLayerTests.swift */,
				9A60762121FE2CE70067C768 /* Info.plist */,
			);
			path = DomainLayerTests;
			sourceTree = "<group>";
		};
		9A60766221FE2F690067C768 /* Entities */ = {
			isa = PBXGroup;
			children = (
				9A60766321FE2F760067C768 /* Response.swift */,
				9A60766D21FE34D90067C768 /* Country.swift */,
			);
			path = Entities;
			sourceTree = "<group>";
		};
/* End PBXGroup section */

/* Begin PBXHeadersBuildPhase section */
		9A60760C21FE2CE70067C768 /* Headers */ = {
			isa = PBXHeadersBuildPhase;
			buildActionMask = 2147483647;
			files = (
			);
			runOnlyForDeploymentPostprocessing = 0;
		};
/* End PBXHeadersBuildPhase section */

/* Begin PBXNativeTarget section */
		9A60761021FE2CE70067C768 /* DomainLayer */ = {
			isa = PBXNativeTarget;
			buildConfigurationList = 9A60762521FE2CE70067C768 /* Build configuration list for PBXNativeTarget "DomainLayer" */;
			buildPhases = (
				9A60760C21FE2CE70067C768 /* Headers */,
				9A60760D21FE2CE70067C768 /* Sources */,
				9A60760E21FE2CE70067C768 /* Frameworks */,
				9A60760F21FE2CE70067C768 /* Resources */,
			);
			buildRules = (
			);
			dependencies = (
			);
			name = DomainLayer;
			productName = DomainLayer;
			productReference = 9A60761121FE2CE70067C768 /* DomainLayer.framework */;
			productType = "com.apple.product-type.framework";
		};
		9A60761921FE2CE70067C768 /* DomainLayerTests */ = {
			isa = PBXNativeTarget;
			buildConfigurationList = 9A60762821FE2CE70067C768 /* Build configuration list for PBXNativeTarget "DomainLayerTests" */;
			buildPhases = (
				9A60761621FE2CE70067C768 /* Sources */,
				9A60761721FE2CE70067C768 /* Frameworks */,
				9A60761821FE2CE70067C768 /* Resources */,
			);
			buildRules = (
			);
			dependencies = (
				9A60761D21FE2CE70067C768 /* PBXTargetDependency */,
			);
			name = DomainLayerTests;
			productName = DomainLayerTests;
			productReference = 9A60761A21FE2CE70067C768 /* DomainLayerTests.xctest */;
			productType = "com.apple.product-type.bundle.unit-test";
		};
/* End PBXNativeTarget section */

/* Begin PBXProject section */
		9A60760821FE2CE70067C768 /* Project object */ = {
			isa = PBXProject;
			attributes = {
				LastSwiftUpdateCheck = 1010;
				LastUpgradeCheck = 1010;
				ORGANIZATIONNAME = "Lubarda, Miso";
				TargetAttributes = {
					9A60761021FE2CE70067C768 = {
						CreatedOnToolsVersion = 10.1;
						LastSwiftMigration = 1010;
					};
					9A60761921FE2CE70067C768 = {
						CreatedOnToolsVersion = 10.1;
					};
				};
			};
			buildConfigurationList = 9A60760B21FE2CE70067C768 /* Build configuration list for PBXProject "DomainLayer" */;
			compatibilityVersion = "Xcode 9.3";
			developmentRegion = en;
			hasScannedForEncodings = 0;
			knownRegions = (
				en,
			);
			mainGroup = 9A60760721FE2CE70067C768;
			productRefGroup = 9A60761221FE2CE70067C768 /* Products */;
			projectDirPath = "";
			projectRoot = "";
			targets = (
				9A60761021FE2CE70067C768 /* DomainLayer */,
				9A60761921FE2CE70067C768 /* DomainLayerTests */,
			);
		};
/* End PBXProject section */

/* Begin PBXResourcesBuildPhase section */
		9A60760F21FE2CE70067C768 /* Resources */ = {
			isa = PBXResourcesBuildPhase;
			buildActionMask = 2147483647;
			files = (
			);
			runOnlyForDeploymentPostprocessing = 0;
		};
		9A60761821FE2CE70067C768 /* Resources */ = {
			isa = PBXResourcesBuildPhase;
			buildActionMask = 2147483647;
			files = (
			);
			runOnlyForDeploymentPostprocessing = 0;
		};
/* End PBXResourcesBuildPhase section */

/* Begin PBXSourcesBuildPhase section */
		9A60760D21FE2CE70067C768 /* Sources */ = {
			isa = PBXSourcesBuildPhase;
			buildActionMask = 2147483647;
			files = (
				9A58A9F621FE38A50034CDF5 /* CountriesProvider.swift in Sources */,
				9A58A9F721FE38CD0034CDF5 /* AllCountriesUseCase.swift in Sources */,
				9A58A9F521FE38890034CDF5 /* AllCountriesInteractor.swift in Sources */,
				9A60766E21FE34D90067C768 /* Country.swift in Sources */,
				9A60766421FE2F760067C768 /* Response.swift in Sources */,
			);
			runOnlyForDeploymentPostprocessing = 0;
		};
		9A60761621FE2CE70067C768 /* Sources */ = {
			isa = PBXSourcesBuildPhase;
			buildActionMask = 2147483647;
			files = (
				9A60762021FE2CE70067C768 /* DomainLayerTests.swift in Sources */,
			);
			runOnlyForDeploymentPostprocessing = 0;
		};
/* End PBXSourcesBuildPhase section */

/* Begin PBXTargetDependency section */
		9A60761D21FE2CE70067C768 /* PBXTargetDependency */ = {
			isa = PBXTargetDependency;
			target = 9A60761021FE2CE70067C768 /* DomainLayer */;
			targetProxy = 9A60761C21FE2CE70067C768 /* PBXContainerItemProxy */;
		};
/* End PBXTargetDependency section */

/* Begin XCBuildConfiguration section */
		9A60762321FE2CE70067C768 /* Debug */ = {
			isa = XCBuildConfiguration;
			buildSettings = {
				ALWAYS_SEARCH_USER_PATHS = NO;
				CLANG_ANALYZER_NONNULL = YES;
				CLANG_ANALYZER_NUMBER_OBJECT_CONVERSION = YES_AGGRESSIVE;
				CLANG_CXX_LANGUAGE_STANDARD = "gnu++14";
				CLANG_CXX_LIBRARY = "libc++";
				CLANG_ENABLE_MODULES = YES;
				CLANG_ENABLE_OBJC_ARC = YES;
				CLANG_ENABLE_OBJC_WEAK = YES;
				CLANG_WARN_BLOCK_CAPTURE_AUTORELEASING = YES;
				CLANG_WARN_BOOL_CONVERSION = YES;
				CLANG_WARN_COMMA = YES;
				CLANG_WARN_CONSTANT_CONVERSION = YES;
				CLANG_WARN_DEPRECATED_OBJC_IMPLEMENTATIONS = YES;
				CLANG_WARN_DIRECT_OBJC_ISA_USAGE = YES_ERROR;
				CLANG_WARN_DOCUMENTATION_COMMENTS = YES;
				CLANG_WARN_EMPTY_BODY = YES;
				CLANG_WARN_ENUM_CONVERSION = YES;
				CLANG_WARN_INFINITE_RECURSION = YES;
				CLANG_WARN_INT_CONVERSION = YES;
				CLANG_WARN_NON_LITERAL_NULL_CONVERSION = YES;
				CLANG_WARN_OBJC_IMPLICIT_RETAIN_SELF = YES;
				CLANG_WARN_OBJC_LITERAL_CONVERSION = YES;
				CLANG_WARN_OBJC_ROOT_CLASS = YES_ERROR;
				CLANG_WARN_RANGE_LOOP_ANALYSIS = YES;
				CLANG_WARN_STRICT_PROTOTYPES = YES;
				CLANG_WARN_SUSPICIOUS_MOVE = YES;
				CLANG_WARN_UNGUARDED_AVAILABILITY = YES_AGGRESSIVE;
				CLANG_WARN_UNREACHABLE_CODE = YES;
				CLANG_WARN__DUPLICATE_METHOD_MATCH = YES;
				CODE_SIGN_IDENTITY = "iPhone Developer";
				COPY_PHASE_STRIP = NO;
				CURRENT_PROJECT_VERSION = 1;
				DEBUG_INFORMATION_FORMAT = dwarf;
				ENABLE_STRICT_OBJC_MSGSEND = YES;
				ENABLE_TESTABILITY = YES;
				GCC_C_LANGUAGE_STANDARD = gnu11;
				GCC_DYNAMIC_NO_PIC = NO;
				GCC_NO_COMMON_BLOCKS = YES;
				GCC_OPTIMIZATION_LEVEL = 0;
				GCC_PREPROCESSOR_DEFINITIONS = (
					"DEBUG=1",
					"$(inherited)",
				);
				GCC_WARN_64_TO_32_BIT_CONVERSION = YES;
				GCC_WARN_ABOUT_RETURN_TYPE = YES_ERROR;
				GCC_WARN_UNDECLARED_SELECTOR = YES;
				GCC_WARN_UNINITIALIZED_AUTOS = YES_AGGRESSIVE;
				GCC_WARN_UNUSED_FUNCTION = YES;
				GCC_WARN_UNUSED_VARIABLE = YES;
				IPHONEOS_DEPLOYMENT_TARGET = 12.1;
				MTL_ENABLE_DEBUG_INFO = INCLUDE_SOURCE;
				MTL_FAST_MATH = YES;
				ONLY_ACTIVE_ARCH = YES;
				SDKROOT = iphoneos;
				SWIFT_ACTIVE_COMPILATION_CONDITIONS = DEBUG;
				SWIFT_OPTIMIZATION_LEVEL = "-Onone";
				VERSIONING_SYSTEM = "apple-generic";
				VERSION_INFO_PREFIX = "";
			};
			name = Debug;
		};
		9A60762421FE2CE70067C768 /* Release */ = {
			isa = XCBuildConfiguration;
			buildSettings = {
				ALWAYS_SEARCH_USER_PATHS = NO;
				CLANG_ANALYZER_NONNULL = YES;
				CLANG_ANALYZER_NUMBER_OBJECT_CONVERSION = YES_AGGRESSIVE;
				CLANG_CXX_LANGUAGE_STANDARD = "gnu++14";
				CLANG_CXX_LIBRARY = "libc++";
				CLANG_ENABLE_MODULES = YES;
				CLANG_ENABLE_OBJC_ARC = YES;
				CLANG_ENABLE_OBJC_WEAK = YES;
				CLANG_WARN_BLOCK_CAPTURE_AUTORELEASING = YES;
				CLANG_WARN_BOOL_CONVERSION = YES;
				CLANG_WARN_COMMA = YES;
				CLANG_WARN_CONSTANT_CONVERSION = YES;
				CLANG_WARN_DEPRECATED_OBJC_IMPLEMENTATIONS = YES;
				CLANG_WARN_DIRECT_OBJC_ISA_USAGE = YES_ERROR;
				CLANG_WARN_DOCUMENTATION_COMMENTS = YES;
				CLANG_WARN_EMPTY_BODY = YES;
				CLANG_WARN_ENUM_CONVERSION = YES;
				CLANG_WARN_INFINITE_RECURSION = YES;
				CLANG_WARN_INT_CONVERSION = YES;
				CLANG_WARN_NON_LITERAL_NULL_CONVERSION = YES;
				CLANG_WARN_OBJC_IMPLICIT_RETAIN_SELF = YES;
				CLANG_WARN_OBJC_LITERAL_CONVERSION = YES;
				CLANG_WARN_OBJC_ROOT_CLASS = YES_ERROR;
				CLANG_WARN_RANGE_LOOP_ANALYSIS = YES;
				CLANG_WARN_STRICT_PROTOTYPES = YES;
				CLANG_WARN_SUSPICIOUS_MOVE = YES;
				CLANG_WARN_UNGUARDED_AVAILABILITY = YES_AGGRESSIVE;
				CLANG_WARN_UNREACHABLE_CODE = YES;
				CLANG_WARN__DUPLICATE_METHOD_MATCH = YES;
				CODE_SIGN_IDENTITY = "iPhone Developer";
				COPY_PHASE_STRIP = NO;
				CURRENT_PROJECT_VERSION = 1;
				DEBUG_INFORMATION_FORMAT = "dwarf-with-dsym";
				ENABLE_NS_ASSERTIONS = NO;
				ENABLE_STRICT_OBJC_MSGSEND = YES;
				GCC_C_LANGUAGE_STANDARD = gnu11;
				GCC_NO_COMMON_BLOCKS = YES;
				GCC_WARN_64_TO_32_BIT_CONVERSION = YES;
				GCC_WARN_ABOUT_RETURN_TYPE = YES_ERROR;
				GCC_WARN_UNDECLARED_SELECTOR = YES;
				GCC_WARN_UNINITIALIZED_AUTOS = YES_AGGRESSIVE;
				GCC_WARN_UNUSED_FUNCTION = YES;
				GCC_WARN_UNUSED_VARIABLE = YES;
				IPHONEOS_DEPLOYMENT_TARGET = 12.1;
				MTL_ENABLE_DEBUG_INFO = NO;
				MTL_FAST_MATH = YES;
				SDKROOT = iphoneos;
				SWIFT_COMPILATION_MODE = wholemodule;
				SWIFT_OPTIMIZATION_LEVEL = "-O";
				VALIDATE_PRODUCT = YES;
				VERSIONING_SYSTEM = "apple-generic";
				VERSION_INFO_PREFIX = "";
			};
			name = Release;
		};
		9A60762621FE2CE70067C768 /* Debug */ = {
			isa = XCBuildConfiguration;
			buildSettings = {
				CLANG_ENABLE_MODULES = YES;
				CODE_SIGN_IDENTITY = "";
				CODE_SIGN_STYLE = Automatic;
				DEFINES_MODULE = YES;
				DYLIB_COMPATIBILITY_VERSION = 1;
				DYLIB_CURRENT_VERSION = 1;
				DYLIB_INSTALL_NAME_BASE = "@rpath";
				INFOPLIST_FILE = DomainLayer/Info.plist;
				INSTALL_PATH = "$(LOCAL_LIBRARY_DIR)/Frameworks";
				LD_RUNPATH_SEARCH_PATHS = (
					"$(inherited)",
					"@executable_path/Frameworks",
					"@loader_path/Frameworks",
				);
				PRODUCT_BUNDLE_IDENTIFIER = noteboy.DomainLayer;
				PRODUCT_NAME = "$(TARGET_NAME:c99extidentifier)";
				SKIP_INSTALL = YES;
				SWIFT_OPTIMIZATION_LEVEL = "-Onone";
				SWIFT_VERSION = 4.2;
				TARGETED_DEVICE_FAMILY = "1,2";
			};
			name = Debug;
		};
		9A60762721FE2CE70067C768 /* Release */ = {
			isa = XCBuildConfiguration;
			buildSettings = {
				CLANG_ENABLE_MODULES = YES;
				CODE_SIGN_IDENTITY = "";
				CODE_SIGN_STYLE = Automatic;
				DEFINES_MODULE = YES;
				DYLIB_COMPATIBILITY_VERSION = 1;
				DYLIB_CURRENT_VERSION = 1;
				DYLIB_INSTALL_NAME_BASE = "@rpath";
				INFOPLIST_FILE = DomainLayer/Info.plist;
				INSTALL_PATH = "$(LOCAL_LIBRARY_DIR)/Frameworks";
				LD_RUNPATH_SEARCH_PATHS = (
					"$(inherited)",
					"@executable_path/Frameworks",
					"@loader_path/Frameworks",
				);
				PRODUCT_BUNDLE_IDENTIFIER = noteboy.DomainLayer;
				PRODUCT_NAME = "$(TARGET_NAME:c99extidentifier)";
				SKIP_INSTALL = YES;
				SWIFT_VERSION = 4.2;
				TARGETED_DEVICE_FAMILY = "1,2";
			};
			name = Release;
		};
		9A60762921FE2CE70067C768 /* Debug */ = {
			isa = XCBuildConfiguration;
			buildSettings = {
				ALWAYS_EMBED_SWIFT_STANDARD_LIBRARIES = YES;
				CODE_SIGN_STYLE = Automatic;
				INFOPLIST_FILE = DomainLayerTests/Info.plist;
				LD_RUNPATH_SEARCH_PATHS = (
					"$(inherited)",
					"@executable_path/Frameworks",
					"@loader_path/Frameworks",
				);
				PRODUCT_BUNDLE_IDENTIFIER = noteboy.DomainLayerTests;
				PRODUCT_NAME = "$(TARGET_NAME)";
				SWIFT_VERSION = 4.2;
				TARGETED_DEVICE_FAMILY = "1,2";
			};
			name = Debug;
		};
		9A60762A21FE2CE70067C768 /* Release */ = {
			isa = XCBuildConfiguration;
			buildSettings = {
				ALWAYS_EMBED_SWIFT_STANDARD_LIBRARIES = YES;
				CODE_SIGN_STYLE = Automatic;
				INFOPLIST_FILE = DomainLayerTests/Info.plist;
				LD_RUNPATH_SEARCH_PATHS = (
					"$(inherited)",
					"@executable_path/Frameworks",
					"@loader_path/Frameworks",
				);
				PRODUCT_BUNDLE_IDENTIFIER = noteboy.DomainLayerTests;
				PRODUCT_NAME = "$(TARGET_NAME)";
				SWIFT_VERSION = 4.2;
				TARGETED_DEVICE_FAMILY = "1,2";
			};
			name = Release;
		};
/* End XCBuildConfiguration section */

/* Begin XCConfigurationList section */
		9A60760B21FE2CE70067C768 /* Build configuration list for PBXProject "DomainLayer" */ = {
			isa = XCConfigurationList;
			buildConfigurations = (
				9A60762321FE2CE70067C768 /* Debug */,
				9A60762421FE2CE70067C768 /* Release */,
			);
			defaultConfigurationIsVisible = 0;
			defaultConfigurationName = Release;
		};
		9A60762521FE2CE70067C768 /* Build configuration list for PBXNativeTarget "DomainLayer" */ = {
			isa = XCConfigurationList;
			buildConfigurations = (
				9A60762621FE2CE70067C768 /* Debug */,
				9A60762721FE2CE70067C768 /* Release */,
			);
			defaultConfigurationIsVisible = 0;
			defaultConfigurationName = Release;
		};
		9A60762821FE2CE70067C768 /* Build configuration list for PBXNativeTarget "DomainLayerTests" */ = {
			isa = XCConfigurationList;
			buildConfigurations = (
				9A60762921FE2CE70067C768 /* Debug */,
				9A60762A21FE2CE70067C768 /* Release */,
			);
			defaultConfigurationIsVisible = 0;
			defaultConfigurationName = Release;
		};
/* End XCConfigurationList section */
	};
	rootObject = 9A60760821FE2CE70067C768 /* Project object */;
}
